{
  "name": "product-film-skill",
  "version": "1.10.0",
  "lockfileVersion": 3,
  "requires": true,
  "packages": {
    "": {
      "name": "product-film-skill",
      "version": "1.10.0",
      "license": "MIT",
      "bin": {
        "product-film-skill": "bin/product-film-skill.mjs"
      },
      "engines": {
        "node": ">=18"
      }
    }
  }
}
